{
  "name": "shared",
  "version": "1.0.0",
  "lockfileVersion": 3,
  "requires": true,
  "packages": {
    "": {
      "name": "shared",
      "version": "1.0.0",
      "dependencies": {
        "i18next": "^23.7.16",
        "zod": "^3.22.4"
      },
      "devDependencies": {
        "typescript": "^5.3.3"
      }
    },
    "node_modules/@babel/runtime": {
      "version": "7.28.6",
      "resolved": "https://registry.npmjs.org/@babel/runtime/-/runtime-7.28.6.tgz",
      "integrity": "sha512-05WQkdpL9COIMz4LjTxGpPNCdlpyimKppYNoJ5Di5EUObifl8t4tuLuUBBZEpoLYOmfvIWrsp9fCl0HoPRVTdA==",
      "license": "MIT",
      "engines": {
        "node": ">=6.9.0"
      }
    },
    "node_modules/i18next": {
      "version": "23.16.8",
      "resolved": "https://registry.npmjs.org/i18next/-/i18next-23.16.8.tgz",
      "integrity": "sha512-06r/TitrM88Mg5FdUXAKL96dJMzgqLE5dv3ryBAra4KCwD9mJ4ndOTS95ZuymIGoE+2hzfdaMak2X11/es7ZWg==",
      "funding": [
        {
          "type": "individual",
          "url": "https://locize.com"
        },
        {
          "type": "individual",
          "url": "https://locize.com/i18next.html"
        },
        {
          "type": "individual",
          "url": "https://www.i18next.com/how-to/faq#i18next-is-awesome.-how-can-i-support-the-project"
        }
      ],
      "license": "MIT",
      "dependencies": {
        "@babel/runtime": "^7.23.2"
      }
    },
    "node_modules/typescript": {
      "version": "5.9.3",
      "resolved": "https://registry.npmjs.org/typescript/-/typescript-5.9.3.tgz",
      "integrity": "sha512-jl1vZzPDinLr9eUt3J/t7V6FgNEw9QjvBPdysz9KfQDD41fQrC2Y4vKQdiaUpFT4bXlb1RHhLpp8wtm6M5TgSw==",
      "dev": true,
      "license": "Apache-2.0",
      "bin": {
        "tsc": "bin/tsc",
        "tsserver": "bin/tsserver"
      },
      "engines": {
        "node": ">=14.17"
      }
    },
    "node_modules/zod": {
      "version": "3.25.76",
      "resolved": "https://registry.npmjs.org/zod/-/zod-3.25.76.tgz",
      "integrity": "sha512-gzUt/qt81nXsFGKIFcC3YnfEAx5NkunCfnDlvuBSSFS02bcXu4Lmea0AFIUwbLWxWPx3d9p8S5QoaujKcNQxcQ==",
      "license": "MIT",
      "funding": {
        "url": "https://github.com/sponsors/colinhacks"
      }
    }
  }
}
